
Microsoft Visual Studio Solution File, Format Version 12.00
# Visual Studio Version 16
VisualStudioVersion = 16.0.31911.196
MinimumVisualStudioVersion = 10.0.40219.1
Project("{9A19103F-16F7-4668-BE54-9A1E7A4F7556}") = "ElectricalAppliances", "ElectricalAppliances\ElectricalAppliances.csproj", "{3B2A4259-AAC8-4917-AF02-F7F078A52726}"
EndProject
Global
	GlobalSection(SolutionConfigurationPlatforms) = preSolution
		Debug|Any CPU = Debug|Any CPU
		Release|Any CPU = Release|Any CPU
	EndGlobalSection
	GlobalSection(ProjectConfigurationPlatforms) = postSolution
		{3B2A4259-AAC8-4917-AF02-F7F078A52726}.Debug|Any CPU.ActiveCfg = Debug|Any CPU
		{3B2A4259-AAC8-4917-AF02-F7F078A52726}.Debug|Any CPU.Build.0 = Debug|Any CPU
		{3B2A4259-AAC8-4917-AF02-F7F078A52726}.Release|Any CPU.ActiveCfg = Release|Any CPU
		{3B2A4259-AAC8-4917-AF02-F7F078A52726}.Release|Any CPU.Build.0 = Release|Any CPU
	EndGlobalSection
	GlobalSection(SolutionProperties) = preSolution
		HideSolutionNode = FALSE
	EndGlobalSection
	GlobalSection(ExtensibilityGlobals) = postSolution
		SolutionGuid = {13267A77-EADF-40ED-8D6F-F426965BFC17}
	EndGlobalSection
EndGlobal
